<Solution>
  <Folder Name="/Solution_Herency/">
    <File Path="Circle.cs" />
    <File Path="GeometricFigure.cs" />
    <File Path="Kite.cs" />
    <File Path="Parallelogram.cs" />
    <File Path="Program.cs" />
    <File Path="Rectangle.cs" />
    <File Path="Rhombus.cs" />
    <File Path="Square.cs" />
    <File Path="Trapeze.cs" />
    <File Path="Triangle.cs" />
  </Folder>
</Solution>
